github.com/charlievieth/buildutil v0.0.3 h1:szBsPZrcMPZ9aGyOd8xcVtJJuRmY8bBG8l9KWQO/i24=
github.com/charlievieth/buildutil v0.0.3/go.mod h1:ixnLv8dl9ropX3Bkbt17o7jPob5tS1hU1N96XeFCsIU=
github.com/golang/groupcache v0.0.0-20200121045136-8c9f03a8e57e h1:1r7pUrabqp18hOBcwBwiTsbnFeTZHV9eER/QT5JVZxY=
github.com/golang/groupcache v0.0.0-20200121045136-8c9f03a8e57e/go.mod h1:cIg4eruTrX1D+g88fzRXU5OdNfaM+9IcxsU14FzY7Hc=
